
Microsoft Visual Studio Solution File, Format Version 12.00
# Visual Studio Version 17
VisualStudioVersion = 17.4.33213.308
MinimumVisualStudioVersion = 10.0.40219.1
Project("{9A19103F-16F7-4668-BE54-9A1E7A4F7556}") = "Project Euler", "Project Euler.csproj", "{F2ECF365-FDE9-440C-85ED-579B58453F39}"
EndProject
Project("{54435603-DBB4-11D2-8724-00A0C9A8B90C}") = "Project Euler Solutions Installer", "..\Project Euler Solutions Installer\Project Euler Solutions Installer.vdproj", "{41339636-B0BF-45FE-85AE-E0D1B0D270CD}"
EndProject
Global
	GlobalSection(SolutionConfigurationPlatforms) = preSolution
		Debug|Any CPU = Debug|Any CPU
		Release|Any CPU = Release|Any CPU
	EndGlobalSection
	GlobalSection(ProjectConfigurationPlatforms) = postSolution
		{F2ECF365-FDE9-440C-85ED-579B58453F39}.Debug|Any CPU.ActiveCfg = Debug|Any CPU
		{F2ECF365-FDE9-440C-85ED-579B58453F39}.Debug|Any CPU.Build.0 = Debug|Any CPU
		{F2ECF365-FDE9-440C-85ED-579B58453F39}.Release|Any CPU.ActiveCfg = Release|Any CPU
		{F2ECF365-FDE9-440C-85ED-579B58453F39}.Release|Any CPU.Build.0 = Release|Any CPU
		{41339636-B0BF-45FE-85AE-E0D1B0D270CD}.Debug|Any CPU.ActiveCfg = Debug
		{41339636-B0BF-45FE-85AE-E0D1B0D270CD}.Release|Any CPU.ActiveCfg = Release
		{41339636-B0BF-45FE-85AE-E0D1B0D270CD}.Release|Any CPU.Build.0 = Release
	EndGlobalSection
	GlobalSection(SolutionProperties) = preSolution
		HideSolutionNode = FALSE
	EndGlobalSection
	GlobalSection(ExtensibilityGlobals) = postSolution
		SolutionGuid = {DC719BC5-6798-4748-91E1-99994787018E}
	EndGlobalSection
EndGlobal
